{
  "requires": true,
  "lockfileVersion": 1,
  "dependencies": {
    "dayjs": {
      "version": "1.11.0",
      "resolved": "https://registry.npmjs.org/dayjs/-/dayjs-1.11.0.tgz",
      "integrity": "sha512-JLC809s6Y948/FuCZPm5IX8rRhQwOiyMb2TfVVQEixG7P8Lm/gt5S7yoQZmC8x1UehI9Pb7sksEt4xx14m+7Ug=="
    },
    "mp-html": {
      "version": "2.2.2",
      "resolved": "https://registry.npmjs.org/mp-html/-/mp-html-2.2.2.tgz",
      "integrity": "sha512-ebbTllkRKOK1Vubs55gpLgePhpJldPCp6RAreNvVoQrk9gKUI13Ykkjkk0MQFvP5OGSmepDSr7fSCC6fYzFcXQ=="
    },
    "qs": {
      "version": "6.10.3",
      "resolved": "https://registry.npmjs.org/qs/-/qs-6.10.3.tgz",
      "integrity": "sha512-wr7M2E0OFRfIfJZjKGieI8lBKb7fRCH4Fv5KNPEs7gJ8jadvotdsS08PzOKR7opXhZ/Xkjtt3WF9g38drmyRqQ==",
      "requires": {
        "side-channel": "^1.0.4"
      }
    },
    "uview-ui": {
      "version": "2.0.28",
      "resolved": "https://registry.npmjs.org/uview-ui/-/uview-ui-2.0.28.tgz",
      "integrity": "sha512-H50WZJg/SIjpv1mcxvMaCcZgOWMyE+iWy7ANe/ZtvZgsPaYzMYzZdhiHl7ml0bA72fSJUseahSVLen8WhCVpRA=="
    }
  }
}
